
Microsoft Visual Studio Solution File, Format Version 12.00
# Visual Studio Version 17
VisualStudioVersion = 17.11.35303.130
MinimumVisualStudioVersion = 10.0.40219.1
Project("{FAE04EC0-301F-11D3-BF4B-00C04F79EFBC}") = "SqlLiteDemo", "SqlLiteDemo\SqlLiteDemo.csproj", "{7C051AEF-FFF4-4E06-B5F9-9762BD4E27CB}"
EndProject
Global
	GlobalSection(SolutionConfigurationPlatforms) = preSolution
		Debug|Any CPU = Debug|Any CPU
		Release|Any CPU = Release|Any CPU
	EndGlobalSection
	GlobalSection(ProjectConfigurationPlatforms) = postSolution
		{7C051AEF-FFF4-4E06-B5F9-9762BD4E27CB}.Debug|Any CPU.ActiveCfg = Debug|Any CPU
		{7C051AEF-FFF4-4E06-B5F9-9762BD4E27CB}.Debug|Any CPU.Build.0 = Debug|Any CPU
		{7C051AEF-FFF4-4E06-B5F9-9762BD4E27CB}.Debug|Any CPU.Deploy.0 = Debug|Any CPU
		{7C051AEF-FFF4-4E06-B5F9-9762BD4E27CB}.Release|Any CPU.ActiveCfg = Release|Any CPU
		{7C051AEF-FFF4-4E06-B5F9-9762BD4E27CB}.Release|Any CPU.Build.0 = Release|Any CPU
		{7C051AEF-FFF4-4E06-B5F9-9762BD4E27CB}.Release|Any CPU.Deploy.0 = Release|Any CPU
	EndGlobalSection
	GlobalSection(SolutionProperties) = preSolution
		HideSolutionNode = FALSE
	EndGlobalSection
	GlobalSection(ExtensibilityGlobals) = postSolution
		SolutionGuid = {C8C032EB-9540-4426-9352-6E955EBC1C5B}
	EndGlobalSection
EndGlobal
